
Microsoft Visual Studio Solution File, Format Version 12.00
# Visual Studio Version 17
VisualStudioVersion = 17.4.33213.308
MinimumVisualStudioVersion = 10.0.40219.1
Project("{FAE04EC0-301F-11D3-BF4B-00C04F79EFBC}") = "PanteonGameApi", "PanteonGameApi\PanteonGameApi.csproj", "{EB65D4D2-026B-408B-BE7F-5620BE5F3C18}"
EndProject
Project("{FAE04EC0-301F-11D3-BF4B-00C04F79EFBC}") = "DataAccess", "DataAccess\DataAccess.csproj", "{F68970DD-4CBE-4E95-B9A3-442E3738FC7B}"
EndProject
Project("{FAE04EC0-301F-11D3-BF4B-00C04F79EFBC}") = "Core", "Core\Core.csproj", "{968186A8-DDC4-4E3E-915B-948DD148165F}"
EndProject
Project("{FAE04EC0-301F-11D3-BF4B-00C04F79EFBC}") = "Entity", "Entity\Entity.csproj", "{7793883F-4FFB-4B7C-BE4A-521915A2E27C}"
EndProject
Project("{FAE04EC0-301F-11D3-BF4B-00C04F79EFBC}") = "Business", "Business\Business.csproj", "{F60DE51A-8B39-4310-9053-F6CB1584D16B}"
EndProject
Global
	GlobalSection(SolutionConfigurationPlatforms) = preSolution
		Debug|Any CPU = Debug|Any CPU
		Release|Any CPU = Release|Any CPU
	EndGlobalSection
	GlobalSection(ProjectConfigurationPlatforms) = postSolution
		{EB65D4D2-026B-408B-BE7F-5620BE5F3C18}.Debug|Any CPU.ActiveCfg = Debug|Any CPU
		{EB65D4D2-026B-408B-BE7F-5620BE5F3C18}.Debug|Any CPU.Build.0 = Debug|Any CPU
		{EB65D4D2-026B-408B-BE7F-5620BE5F3C18}.Release|Any CPU.ActiveCfg = Release|Any CPU
		{EB65D4D2-026B-408B-BE7F-5620BE5F3C18}.Release|Any CPU.Build.0 = Release|Any CPU
		{F68970DD-4CBE-4E95-B9A3-442E3738FC7B}.Debug|Any CPU.ActiveCfg = Debug|Any CPU
		{F68970DD-4CBE-4E95-B9A3-442E3738FC7B}.Debug|Any CPU.Build.0 = Debug|Any CPU
		{F68970DD-4CBE-4E95-B9A3-442E3738FC7B}.Release|Any CPU.ActiveCfg = Release|Any CPU
		{F68970DD-4CBE-4E95-B9A3-442E3738FC7B}.Release|Any CPU.Build.0 = Release|Any CPU
		{968186A8-DDC4-4E3E-915B-948DD148165F}.Debug|Any CPU.ActiveCfg = Debug|Any CPU
		{968186A8-DDC4-4E3E-915B-948DD148165F}.Debug|Any CPU.Build.0 = Debug|Any CPU
		{968186A8-DDC4-4E3E-915B-948DD148165F}.Release|Any CPU.ActiveCfg = Release|Any CPU
		{968186A8-DDC4-4E3E-915B-948DD148165F}.Release|Any CPU.Build.0 = Release|Any CPU
		{7793883F-4FFB-4B7C-BE4A-521915A2E27C}.Debug|Any CPU.ActiveCfg = Debug|Any CPU
		{7793883F-4FFB-4B7C-BE4A-521915A2E27C}.Debug|Any CPU.Build.0 = Debug|Any CPU
		{7793883F-4FFB-4B7C-BE4A-521915A2E27C}.Release|Any CPU.ActiveCfg = Release|Any CPU
		{7793883F-4FFB-4B7C-BE4A-521915A2E27C}.Release|Any CPU.Build.0 = Release|Any CPU
		{F60DE51A-8B39-4310-9053-F6CB1584D16B}.Debug|Any CPU.ActiveCfg = Debug|Any CPU
		{F60DE51A-8B39-4310-9053-F6CB1584D16B}.Debug|Any CPU.Build.0 = Debug|Any CPU
		{F60DE51A-8B39-4310-9053-F6CB1584D16B}.Release|Any CPU.ActiveCfg = Release|Any CPU
		{F60DE51A-8B39-4310-9053-F6CB1584D16B}.Release|Any CPU.Build.0 = Release|Any CPU
	EndGlobalSection
	GlobalSection(SolutionProperties) = preSolution
		HideSolutionNode = FALSE
	EndGlobalSection
	GlobalSection(ExtensibilityGlobals) = postSolution
		SolutionGuid = {31C94398-29D1-4923-9240-8B782A375996}
	EndGlobalSection
EndGlobal
